
Microsoft Visual Studio Solution File, Format Version 12.00
# Visual Studio Version 16
VisualStudioVersion = 16.0.31729.503
MinimumVisualStudioVersion = 10.0.40219.1
Project("{FAE04EC0-301F-11D3-BF4B-00C04F79EFBC}") = "24H_Cafeteria", "24H_Cafeteria\24H_Cafeteria.csproj", "{EEA20979-A758-4A4A-B301-1F094AE2E710}"
EndProject
Project("{FAE04EC0-301F-11D3-BF4B-00C04F79EFBC}") = "cafeteria.data", "cafeteria.data\cafeteria.data.csproj", "{20DDE5FD-1120-4BEE-ADFE-5389EFECCEBC}"
EndProject
Global
	GlobalSection(SolutionConfigurationPlatforms) = preSolution
		Debug|Any CPU = Debug|Any CPU
		Release|Any CPU = Release|Any CPU
	EndGlobalSection
	GlobalSection(ProjectConfigurationPlatforms) = postSolution
		{EEA20979-A758-4A4A-B301-1F094AE2E710}.Debug|Any CPU.ActiveCfg = Debug|Any CPU
		{EEA20979-A758-4A4A-B301-1F094AE2E710}.Debug|Any CPU.Build.0 = Debug|Any CPU
		{EEA20979-A758-4A4A-B301-1F094AE2E710}.Release|Any CPU.ActiveCfg = Release|Any CPU
		{EEA20979-A758-4A4A-B301-1F094AE2E710}.Release|Any CPU.Build.0 = Release|Any CPU
		{20DDE5FD-1120-4BEE-ADFE-5389EFECCEBC}.Debug|Any CPU.ActiveCfg = Debug|Any CPU
		{20DDE5FD-1120-4BEE-ADFE-5389EFECCEBC}.Debug|Any CPU.Build.0 = Debug|Any CPU
		{20DDE5FD-1120-4BEE-ADFE-5389EFECCEBC}.Release|Any CPU.ActiveCfg = Release|Any CPU
		{20DDE5FD-1120-4BEE-ADFE-5389EFECCEBC}.Release|Any CPU.Build.0 = Release|Any CPU
	EndGlobalSection
	GlobalSection(SolutionProperties) = preSolution
		HideSolutionNode = FALSE
	EndGlobalSection
	GlobalSection(ExtensibilityGlobals) = postSolution
		SolutionGuid = {553BA7A5-D2B1-4464-BAC0-681B37267914}
	EndGlobalSection
EndGlobal
